
Microsoft Visual Studio Solution File, Format Version 12.00
# Visual Studio Version 17
VisualStudioVersion = 17.10.35027.167
MinimumVisualStudioVersion = 10.0.40219.1
Project("{8BC9CEB8-8B4A-11D0-8D11-00A0C91BC942}") = "illumina", "illumina.vcxproj", "{74B9186C-2CAE-42D8-A5CB-594D480FE6EB}"
EndProject
Global
	GlobalSection(SolutionConfigurationPlatforms) = preSolution
		Debug|x64 = Debug|x64
		Debug|x86 = Debug|x86
		Release|x64 = Release|x64
		Release|x86 = Release|x86
	EndGlobalSection
	GlobalSection(ProjectConfigurationPlatforms) = postSolution
		{74B9186C-2CAE-42D8-A5CB-594D480FE6EB}.Debug|x64.ActiveCfg = Debug|x64
		{74B9186C-2CAE-42D8-A5CB-594D480FE6EB}.Debug|x64.Build.0 = Debug|x64
		{74B9186C-2CAE-42D8-A5CB-594D480FE6EB}.Debug|x86.ActiveCfg = Debug|Win32
		{74B9186C-2CAE-42D8-A5CB-594D480FE6EB}.Debug|x86.Build.0 = Debug|Win32
		{74B9186C-2CAE-42D8-A5CB-594D480FE6EB}.Release|x64.ActiveCfg = Release|x64
		{74B9186C-2CAE-42D8-A5CB-594D480FE6EB}.Release|x64.Build.0 = Release|x64
		{74B9186C-2CAE-42D8-A5CB-594D480FE6EB}.Release|x86.ActiveCfg = Release|Win32
		{74B9186C-2CAE-42D8-A5CB-594D480FE6EB}.Release|x86.Build.0 = Release|Win32
	EndGlobalSection
	GlobalSection(SolutionProperties) = preSolution
		HideSolutionNode = FALSE
	EndGlobalSection
	GlobalSection(ExtensibilityGlobals) = postSolution
		SolutionGuid = {0BC348B0-3006-4F09-A14B-5E860B09CA69}
	EndGlobalSection
EndGlobal
